
Microsoft Visual Studio Solution File, Format Version 12.00
# Visual Studio Version 17
VisualStudioVersion = 17.9.34723.18
MinimumVisualStudioVersion = 10.0.40219.1
Project("{FAE04EC0-301F-11D3-BF4B-00C04F79EFBC}") = "ImplementJwtAuth", "ImplementJwtAuth.csproj", "{F90A7894-70BE-47D1-88CD-A5391FE237A5}"
EndProject
Global
	GlobalSection(SolutionConfigurationPlatforms) = preSolution
		Debug|Any CPU = Debug|Any CPU
		Release|Any CPU = Release|Any CPU
	EndGlobalSection
	GlobalSection(ProjectConfigurationPlatforms) = postSolution
		{F90A7894-70BE-47D1-88CD-A5391FE237A5}.Debug|Any CPU.ActiveCfg = Debug|Any CPU
		{F90A7894-70BE-47D1-88CD-A5391FE237A5}.Debug|Any CPU.Build.0 = Debug|Any CPU
		{F90A7894-70BE-47D1-88CD-A5391FE237A5}.Release|Any CPU.ActiveCfg = Release|Any CPU
		{F90A7894-70BE-47D1-88CD-A5391FE237A5}.Release|Any CPU.Build.0 = Release|Any CPU
	EndGlobalSection
	GlobalSection(SolutionProperties) = preSolution
		HideSolutionNode = FALSE
	EndGlobalSection
	GlobalSection(ExtensibilityGlobals) = postSolution
		SolutionGuid = {1E4DE8D0-B88E-4A67-AF9B-2B72EA252F27}
	EndGlobalSection
EndGlobal
